github.com/foxcpp/go-assuan v1.0.0 h1:KDSEmEGdHOzOjKmFUoaX/FGk1NxG/mHNAIdyksM8e4A=
github.com/foxcpp/go-assuan v1.0.0/go.mod h1:dQEJ9EaSSrUjd/g2PVaVEuV0TaoMDGwoh9XIDH1Q/Sc=
github.com/pkg/term v1.1.0/go.mod h1:E25nymQcrSllhX42Ok8MRm1+hyBdHY0dCeiKZ9jpNGw=
github.com/psanford/uhid v0.0.0-20210516231035-a7c1e481958d h1:dTFeS1I1nq6RGwQJ6hXS5uUGNu5EM5vJiQsHqv27Msk=
github.com/psanford/uhid v0.0.0-20210516231035-a7c1e481958d/go.mod h1:l7AmGL56H606RdpAQZ3qizn5ur7SoO9uQA2ZT7ZJ4RI=
golang.org/x/crypto v0.39.0 h1:SHs+kF4LP+f+p14esP5jAoDpHU8Gu/v9lFRK6IT5imM=
golang.org/x/crypto v0.39.0/go.mod h1:L+Xg3Wf6HoL4Bn4238Z6ft6KfEpN0tJGo53AAPC632U=
golang.org/x/sys v0.0.0-20200909081042-eff7692f9009/go.mod h1:h1NjWce9XRLGQEsW7wpKNCjG9DtNlClVuFLEZdDNbEs=
golang.org/x/sys v0.33.0 h1:q3i8TbbEz+JRD9ywIRlyRAQbM0qF7hu24q3teo2hbuw=
golang.org/x/sys v0.33.0/go.mod h1:BJP2sWEmIv4KK5OTEluFJCKSidICx8ciO85XgH3Ak8k=
